
Microsoft Visual Studio Solution File, Format Version 12.00
# Visual Studio Version 16
VisualStudioVersion = 16.0.29326.143
MinimumVisualStudioVersion = 10.0.40219.1
Project("{FAE04EC0-301F-11D3-BF4B-00C04F79EFBC}") = "Updater", "Updater\Updater.csproj", "{E8BF44CB-F6A5-42BC-997E-0D9BD2F0D9F0}"
EndProject
Global
	GlobalSection(SolutionConfigurationPlatforms) = preSolution
		Debug|Any CPU = Debug|Any CPU
		Release|Any CPU = Release|Any CPU
	EndGlobalSection
	GlobalSection(ProjectConfigurationPlatforms) = postSolution
		{E8BF44CB-F6A5-42BC-997E-0D9BD2F0D9F0}.Debug|Any CPU.ActiveCfg = Debug|Any CPU
		{E8BF44CB-F6A5-42BC-997E-0D9BD2F0D9F0}.Debug|Any CPU.Build.0 = Debug|Any CPU
		{E8BF44CB-F6A5-42BC-997E-0D9BD2F0D9F0}.Release|Any CPU.ActiveCfg = Release|Any CPU
		{E8BF44CB-F6A5-42BC-997E-0D9BD2F0D9F0}.Release|Any CPU.Build.0 = Release|Any CPU
	EndGlobalSection
	GlobalSection(SolutionProperties) = preSolution
		HideSolutionNode = FALSE
	EndGlobalSection
	GlobalSection(ExtensibilityGlobals) = postSolution
		SolutionGuid = {679E3881-66D5-4F41-A0FF-E69BCE70D6C6}
	EndGlobalSection
EndGlobal
